{
  "name": "get-browser-info",
  "version": "1.0.1",
  "lockfileVersion": 1,
  "requires": true,
  "dependencies": {
    "bee-build-tools": {
      "version": "1.0.0",
      "resolved": "https://registry.npmjs.org/bee-build-tools/-/bee-build-tools-1.0.0.tgz",
      "integrity": "sha512-1xK4MmdQxmdjNm/mbyYiX5dJq9CfJFeiJpSH8Ptl1qdC6KYHurgLzoc0pNQrPZqp0xpwH6+CwLgzS7dG9C+1RA==",
      "dev": true
    }
  }
}
